<?xml version="1.0" encoding="utf-8"?>
<Project ToolsVersion="4.0" xmlns="http://schemas.microsoft.com/developer/msbuild/2003">
  <ItemGroup>
    <Filter Include="Archivos de origen">
      <UniqueIdentifier>{4FC737F1-C7A5-4376-A066-2A32D752A2FF}</UniqueIdentifier>
      <Extensions>cpp;c;cc;cxx;c++;cppm;ixx;def;odl;idl;hpj;bat;asm;asmx</Extensions>
    </Filter>
    <Filter Include="Archivos de encabezado">
      <UniqueIdentifier>{93995380-89BD-4b04-88EB-625FBE52EBFB}</UniqueIdentifier>
      <Extensions>h;hh;hpp;hxx;h++;hm;inl;inc;ipp;xsd</Extensions>
    </Filter>
    <Filter Include="Archivos de recursos">
      <UniqueIdentifier>{67DA6AB6-F800-4c08-8B7A-83BB121AAD01}</UniqueIdentifier>
      <Extensions>rc;ico;cur;bmp;dlg;rc2;rct;bin;rgs;gif;jpg;jpeg;jpe;resx;tiff;tif;png;wav;mfcribbon-ms</Extensions>
    </Filter>
  </ItemGroup>
  <ItemGroup>
    <ClCompile Include="main.cpp">
      <Filter>Archivos de origen</Filter>
    </ClCompile>
    <ClCompile Include="engine\SpriteRenderer.cpp">
      <Filter>Archivos de origen</Filter>
    </ClCompile>
    <ClCompile Include="engine\AssetManager.cpp">
      <Filter>Archivos de origen</Filter>
    </ClCompile>
    <ClCompile Include="engine\Camera.cpp">
      <Filter>Archivos de origen</Filter>
    </ClCompile>
    <ClCompile Include="engine\FollowCamera.cpp">
      <Filter>Archivos de origen</Filter>
    </ClCompile>
    <ClCompile Include="engine\SpriteAnimator.cpp">
      <Filter>Archivos de origen</Filter>
    </ClCompile>
    <ClCompile Include="game\PlayerController.cpp">
      <Filter>Archivos de origen</Filter>
    </ClCompile>
    <ClCompile Include="game\PowerUpSystem.cpp">
      <Filter>Archivos de origen</Filter>
    </ClCompile>
  </ItemGroup>
  <ItemGroup>
    <Image Include="assets\bg.png">
      <Filter>Archivos de recursos</Filter>
    </Image>
    <Image Include="assets\personaje.png">
      <Filter>Archivos de recursos</Filter>
    </Image>
    <Image Include="assets\cuadrado.png">
      <Filter>Archivos de recursos</Filter>
    </Image>
    <Image Include="assets\nave.png">
      <Filter>Archivos de recursos</Filter>
    </Image>
    <Image Include="assets\rec.png">
      <Filter>Archivos de recursos</Filter>
    </Image>
    <Image Include="assets\rect.png">
      <Filter>Archivos de recursos</Filter>
    </Image>
    <Image Include="assets\rectangle.png">
      <Filter>Archivos de recursos</Filter>
    </Image>
    <Image Include="assets\roca.png">
      <Filter>Archivos de recursos</Filter>
    </Image>
    <Image Include="assets\assetsSpace\PIXELART\Shoot`em Up\Asteroids-0001.png">
      <Filter>Archivos de recursos</Filter>
    </Image>
    <Image Include="assets\assetsSpace\PIXELART\Shoot`em Up\Background_Full-0001.png">
      <Filter>Archivos de recursos</Filter>
    </Image>
    <Image Include="assets\assetsSpace\PIXELART\Shoot`em Up\Background_Nebula-0001.png">
      <Filter>Archivos de recursos</Filter>
    </Image>
    <Image Include="assets\assetsSpace\PIXELART\Shoot`em Up\Background_Nebula-0002.png">
      <Filter>Archivos de recursos</Filter>
    </Image>
    <Image Include="assets\assetsSpace\PIXELART\Shoot`em Up\Background_SmallStars-0001.png">
      <Filter>Archivos de recursos</Filter>
    </Image>
    <Image Include="assets\assetsSpace\PIXELART\Shoot`em Up\Background_Space-0001.png">
      <Filter>Archivos de recursos</Filter>
    </Image>
    <Image Include="assets\assetsSpace\PIXELART\Shoot`em Up\Background_Stars-0001.png">
      <Filter>Archivos de recursos</Filter>
    </Image>
    <Image Include="assets\assetsSpace\PIXELART\Shoot`em Up\Barrier-0001.png">
      <Filter>Archivos de recursos</Filter>
    </Image>
    <Image Include="assets\assetsSpace\PIXELART\Shoot`em Up\Bonuses-0001.png">
      <Filter>Archivos de recursos</Filter>
    </Image>
    <Image Include="assets\assetsSpace\PIXELART\Shoot`em Up\Bullets-0001.png">
      <Filter>Archivos de recursos</Filter>
    </Image>
    <Image Include="assets\assetsSpace\PIXELART\Shoot`em Up\Exhaust-0001.png">
      <Filter>Archivos de recursos</Filter>
    </Image>
    <Image Include="assets\assetsSpace\PIXELART\Shoot`em Up\Explosion-0001.png">
      <Filter>Archivos de recursos</Filter>
    </Image>
    <Image Include="assets\assetsSpace\PIXELART\Shoot`em Up\Mine-0001.png">
      <Filter>Archivos de recursos</Filter>
    </Image>
    <Image Include="assets\assetsSpace\PIXELART\Shoot`em Up\SpaceShip_Boss-0001.png">
      <Filter>Archivos de recursos</Filter>
    </Image>
    <Image Include="assets\assetsSpace\PIXELART\Shoot`em Up\SpaceShips_Enemy-0001.png">
      <Filter>Archivos de recursos</Filter>
    </Image>
    <Image Include="assets\assetsSpace\PIXELART\Shoot`em Up\SpaceShips_Player-0001.png">
      <Filter>Archivos de recursos</Filter>
    </Image>
    <Image Include="assets\assetsSpace\PIXELART\Shoot`em Up\UI_sprites-0001.png">
      <Filter>Archivos de recursos</Filter>
    </Image>
  </ItemGroup>
  <ItemGroup>
    <ClInclude Include="engine\Component.h">
      <Filter>Archivos de encabezado</Filter>
    </ClInclude>
    <ClInclude Include="engine\GameObject.h">
      <Filter>Archivos de encabezado</Filter>
    </ClInclude>
    <ClInclude Include="engine\Scene.h">
      <Filter>Archivos de encabezado</Filter>
    </ClInclude>
    <ClInclude Include="engine\SpriteRenderer.h">
      <Filter>Archivos de encabezado</Filter>
    </ClInclude>
    <ClInclude Include="engine\Transform.h">
      <Filter>Archivos de encabezado</Filter>
    </ClInclude>
    <ClInclude Include="engine\AssetManager.h">
      <Filter>Archivos de encabezado</Filter>
    </ClInclude>
    <ClInclude Include="engine\Camera.h">
      <Filter>Archivos de encabezado</Filter>
    </ClInclude>
    <ClInclude Include="engine\FollowCamera.h">
      <Filter>Archivos de encabezado</Filter>
    </ClInclude>
    <ClInclude Include="engine\SpriteAnimator.h">
      <Filter>Archivos de encabezado</Filter>
    </ClInclude>
    <ClInclude Include="game\PlayerController.h">
      <Filter>Archivos de encabezado</Filter>
    </ClInclude>
    <ClInclude Include="game\PowerUpSystem.h">
      <Filter>Archivos de encabezado</Filter>
    </ClInclude>
  </ItemGroup>
</Project>
